// !$*UTF8*$!
{
	archiveVersion = 1;
	classes = {
	};
	objectVersion = 56;
	objects = {

/* Begin PBXBuildFile section */
		7813E2062B1EAB0700267669 /* AppDelegate.swift in Sources */ = {isa = PBXBuildFile; fileRef = 7813E2052B1EAB0700267669 /* AppDelegate.swift */; };
		7813E2082B1EAB0700267669 /* SceneDelegate.swift in Sources */ = {isa = PBXBuildFile; fileRef = 7813E2072B1EAB0700267669 /* SceneDelegate.swift */; };
		7813E20A2B1EAB0700267669 /* MainViewController.swift in Sources */ = {isa = PBXBuildFile; fileRef = 7813E2092B1EAB0700267669 /* MainViewController.swift */; };
		7813E20D2B1EAB0700267669 /* Main.storyboard in Resources */ = {isa = PBXBuildFile; fileRef = 7813E20B2B1EAB0700267669 /* Main.storyboard */; };
		7813E20F2B1EAB0800267669 /* Assets.xcassets in Resources */ = {isa = PBXBuildFile; fileRef = 7813E20E2B1EAB0800267669 /* Assets.xcassets */; };
		7813E2122B1EAB0800267669 /* LaunchScreen.storyboard in Resources */ = {isa = PBXBuildFile; fileRef = 7813E2102B1EAB0800267669 /* LaunchScreen.storyboard */; };
		7813E2202B1EAB2B00267669 /* CompositionalLayoutSampleTests.swift in Sources */ = {isa = PBXBuildFile; fileRef = 7813E21F2B1EAB2B00267669 /* CompositionalLayoutSampleTests.swift */; };
		7824A5942B20191C00B0129A /* BannerCollectionViewCell.swift in Sources */ = {isa = PBXBuildFile; fileRef = 7824A5932B20191C00B0129A /* BannerCollectionViewCell.swift */; };
		7824A5972B201A4900B0129A /* Kingfisher in Frameworks */ = {isa = PBXBuildFile; productRef = 7824A5962B201A4900B0129A /* Kingfisher */; };
		7824A59A2B201A7200B0129A /* SnapKit in Frameworks */ = {isa = PBXBuildFile; productRef = 7824A5992B201A7200B0129A /* SnapKit */; };
		7824A59D2B20357D00B0129A /* Section.swift in Sources */ = {isa = PBXBuildFile; fileRef = 7824A59C2B20357D00B0129A /* Section.swift */; };
		7824A59F2B2035BB00B0129A /* SectionItemComponents.swift in Sources */ = {isa = PBXBuildFile; fileRef = 7824A59E2B2035BB00B0129A /* SectionItemComponents.swift */; };
		7824A5A12B20518A00B0129A /* SectionItem.swift in Sources */ = {isa = PBXBuildFile; fileRef = 7824A5A02B20518A00B0129A /* SectionItem.swift */; };
		7824A5A52B206BFB00B0129A /* ListCollectionViewCell.swift in Sources */ = {isa = PBXBuildFile; fileRef = 7824A5A42B206BFB00B0129A /* ListCollectionViewCell.swift */; };
/* End PBXBuildFile section */

/* Begin PBXContainerItemProxy section */
		7813E2212B1EAB2B00267669 /* PBXContainerItemProxy */ = {
			isa = PBXContainerItemProxy;
			containerPortal = 7813E1FA2B1EAB0700267669 /* Project object */;
			proxyType = 1;
			remoteGlobalIDString = 7813E2012B1EAB0700267669;
			remoteInfo = CompositionalLayoutSample;
		};
/* End PBXContainerItemProxy section */

/* Begin PBXFileReference section */
		7813E2022B1EAB0700267669 /* CompositionalLayoutSample.app */ = {isa = PBXFileReference; explicitFileType = wrapper.application; includeInIndex = 0; path = CompositionalLayoutSample.app; sourceTree = BUILT_PRODUCTS_DIR; };
		7813E2052B1EAB0700267669 /* AppDelegate.swift */ = {isa = PBXFileReference; lastKnownFileType = sourcecode.swift; path = AppDelegate.swift; sourceTree = "<group>"; };
		7813E2072B1EAB0700267669 /* SceneDelegate.swift */ = {isa = PBXFileReference; lastKnownFileType = sourcecode.swift; path = SceneDelegate.swift; sourceTree = "<group>"; };
		7813E2092B1EAB0700267669 /* MainViewController.swift */ = {isa = PBXFileReference; lastKnownFileType = sourcecode.swift; path = MainViewController.swift; sourceTree = "<group>"; };
		7813E20C2B1EAB0700267669 /* Base */ = {isa = PBXFileReference; lastKnownFileType = file.storyboard; name = Base; path = Base.lproj/Main.storyboard; sourceTree = "<group>"; };
		7813E20E2B1EAB0800267669 /* Assets.xcassets */ = {isa = PBXFileReference; lastKnownFileType = folder.assetcatalog; path = Assets.xcassets; sourceTree = "<group>"; };
		7813E2112B1EAB0800267669 /* Base */ = {isa = PBXFileReference; lastKnownFileType = file.storyboard; name = Base; path = Base.lproj/LaunchScreen.storyboard; sourceTree = "<group>"; };
		7813E2132B1EAB0800267669 /* Info.plist */ = {isa = PBXFileReference; lastKnownFileType = text.plist.xml; path = Info.plist; sourceTree = "<group>"; };
		7813E21D2B1EAB2B00267669 /* CompositionalLayoutSampleTests.xctest */ = {isa = PBXFileReference; explicitFileType = wrapper.cfbundle; includeInIndex = 0; path = CompositionalLayoutSampleTests.xctest; sourceTree = BUILT_PRODUCTS_DIR; };
		7813E21F2B1EAB2B00267669 /* CompositionalLayoutSampleTests.swift */ = {isa = PBXFileReference; lastKnownFileType = sourcecode.swift; path = CompositionalLayoutSampleTests.swift; sourceTree = "<group>"; };
		7824A5932B20191C00B0129A /* BannerCollectionViewCell.swift */ = {isa = PBXFileReference; lastKnownFileType = sourcecode.swift; path = BannerCollectionViewCell.swift; sourceTree = "<group>"; };
		7824A59C2B20357D00B0129A /* Section.swift */ = {isa = PBXFileReference; lastKnownFileType = sourcecode.swift; path = Section.swift; sourceTree = "<group>"; };
		7824A59E2B2035BB00B0129A /* SectionItemComponents.swift */ = {isa = PBXFileReference; lastKnownFileType = sourcecode.swift; path = SectionItemComponents.swift; sourceTree = "<group>"; };
		7824A5A02B20518A00B0129A /* SectionItem.swift */ = {isa = PBXFileReference; lastKnownFileType = sourcecode.swift; path = SectionItem.swift; sourceTree = "<group>"; };
		7824A5A42B206BFB00B0129A /* ListCollectionViewCell.swift */ = {isa = PBXFileReference; lastKnownFileType = sourcecode.swift; path = ListCollectionViewCell.swift; sourceTree = "<group>"; };
/* End PBXFileReference section */

/* Begin PBXFrameworksBuildPhase section */
		7813E1FF2B1EAB0700267669 /* Frameworks */ = {
			isa = PBXFrameworksBuildPhase;
			buildActionMask = 2147483647;
			files = (
				7824A5972B201A4900B0129A /* Kingfisher in Frameworks */,
				7824A59A2B201A7200B0129A /* SnapKit in Frameworks */,
			);
			runOnlyForDeploymentPostprocessing = 0;
		};
		7813E21A2B1EAB2B00267669 /* Frameworks */ = {
			isa = PBXFrameworksBuildPhase;
			buildActionMask = 2147483647;
			files = (
			);
			runOnlyForDeploymentPostprocessing = 0;
		};
/* End PBXFrameworksBuildPhase section */

/* Begin PBXGroup section */
		7813E1F92B1EAB0700267669 = {
			isa = PBXGroup;
			children = (
				7813E2042B1EAB0700267669 /* CompositionalLayoutSample */,
				7813E21E2B1EAB2B00267669 /* CompositionalLayoutSampleTests */,
				7813E2032B1EAB0700267669 /* Products */,
			);
			sourceTree = "<group>";
		};
		7813E2032B1EAB0700267669 /* Products */ = {
			isa = PBXGroup;
			children = (
				7813E2022B1EAB0700267669 /* CompositionalLayoutSample.app */,
				7813E21D2B1EAB2B00267669 /* CompositionalLayoutSampleTests.xctest */,
			);
			name = Products;
			sourceTree = "<group>";
		};
		7813E2042B1EAB0700267669 /* CompositionalLayoutSample */ = {
			isa = PBXGroup;
			children = (
				7824A5902B20181E00B0129A /* Application */,
				7824A59B2B20357000B0129A /* Models */,
				7824A5A22B20525200B0129A /* Views */,
			);
			path = CompositionalLayoutSample;
			sourceTree = "<group>";
		};
		7813E21E2B1EAB2B00267669 /* CompositionalLayoutSampleTests */ = {
			isa = PBXGroup;
			children = (
				7813E21F2B1EAB2B00267669 /* CompositionalLayoutSampleTests.swift */,
			);
			path = CompositionalLayoutSampleTests;
			sourceTree = "<group>";
		};
		7824A5902B20181E00B0129A /* Application */ = {
			isa = PBXGroup;
			children = (
				7813E2052B1EAB0700267669 /* AppDelegate.swift */,
				7813E2072B1EAB0700267669 /* SceneDelegate.swift */,
				7813E20B2B1EAB0700267669 /* Main.storyboard */,
				7813E2102B1EAB0800267669 /* LaunchScreen.storyboard */,
				7813E20E2B1EAB0800267669 /* Assets.xcassets */,
				7813E2132B1EAB0800267669 /* Info.plist */,
			);
			path = Application;
			sourceTree = "<group>";
		};
		7824A59B2B20357000B0129A /* Models */ = {
			isa = PBXGroup;
			children = (
				7824A59C2B20357D00B0129A /* Section.swift */,
				7824A5A02B20518A00B0129A /* SectionItem.swift */,
				7824A59E2B2035BB00B0129A /* SectionItemComponents.swift */,
			);
			path = Models;
			sourceTree = "<group>";
		};
		7824A5A22B20525200B0129A /* Views */ = {
			isa = PBXGroup;
			children = (
				7813E2092B1EAB0700267669 /* MainViewController.swift */,
				7824A5A32B20526D00B0129A /* CollectionViewCells */,
			);
			path = Views;
			sourceTree = "<group>";
		};
		7824A5A32B20526D00B0129A /* CollectionViewCells */ = {
			isa = PBXGroup;
			children = (
				7824A5932B20191C00B0129A /* BannerCollectionViewCell.swift */,
				7824A5A42B206BFB00B0129A /* ListCollectionViewCell.swift */,
			);
			path = CollectionViewCells;
			sourceTree = "<group>";
		};
/* End PBXGroup section */

/* Begin PBXNativeTarget section */
		7813E2012B1EAB0700267669 /* CompositionalLayoutSample */ = {
			isa = PBXNativeTarget;
			buildConfigurationList = 7813E2162B1EAB0800267669 /* Build configuration list for PBXNativeTarget "CompositionalLayoutSample" */;
			buildPhases = (
				7813E1FE2B1EAB0700267669 /* Sources */,
				7813E1FF2B1EAB0700267669 /* Frameworks */,
				7813E2002B1EAB0700267669 /* Resources */,
			);
			buildRules = (
			);
			dependencies = (
			);
			name = CompositionalLayoutSample;
			packageProductDependencies = (
				7824A5962B201A4900B0129A /* Kingfisher */,
				7824A5992B201A7200B0129A /* SnapKit */,
			);
			productName = CompositionalLayoutSample;
			productReference = 7813E2022B1EAB0700267669 /* CompositionalLayoutSample.app */;
			productType = "com.apple.product-type.application";
		};
		7813E21C2B1EAB2B00267669 /* CompositionalLayoutSampleTests */ = {
			isa = PBXNativeTarget;
			buildConfigurationList = 7813E2232B1EAB2B00267669 /* Build configuration list for PBXNativeTarget "CompositionalLayoutSampleTests" */;
			buildPhases = (
				7813E2192B1EAB2B00267669 /* Sources */,
				7813E21A2B1EAB2B00267669 /* Frameworks */,
				7813E21B2B1EAB2B00267669 /* Resources */,
			);
			buildRules = (
			);
			dependencies = (
				7813E2222B1EAB2B00267669 /* PBXTargetDependency */,
			);
			name = CompositionalLayoutSampleTests;
			productName = CompositionalLayoutSampleTests;
			productReference = 7813E21D2B1EAB2B00267669 /* CompositionalLayoutSampleTests.xctest */;
			productType = "com.apple.product-type.bundle.unit-test";
		};
/* End PBXNativeTarget section */

/* Begin PBXProject section */
		7813E1FA2B1EAB0700267669 /* Project object */ = {
			isa = PBXProject;
			attributes = {
				BuildIndependentTargetsInParallel = 1;
				LastSwiftUpdateCheck = 1500;
				LastUpgradeCheck = 1500;
				TargetAttributes = {
					7813E2012B1EAB0700267669 = {
						CreatedOnToolsVersion = 15.0.1;
					};
					7813E21C2B1EAB2B00267669 = {
						CreatedOnToolsVersion = 15.0.1;
						TestTargetID = 7813E2012B1EAB0700267669;
					};
				};
			};
			buildConfigurationList = 7813E1FD2B1EAB0700267669 /* Build configuration list for PBXProject "CompositionalLayoutSample" */;
			compatibilityVersion = "Xcode 14.0";
			developmentRegion = en;
			hasScannedForEncodings = 0;
			knownRegions = (
				en,
				Base,
			);
			mainGroup = 7813E1F92B1EAB0700267669;
			packageReferences = (
				7824A5952B201A4900B0129A /* XCRemoteSwiftPackageReference "Kingfisher" */,
				7824A5982B201A7200B0129A /* XCRemoteSwiftPackageReference "SnapKit" */,
			);
			productRefGroup = 7813E2032B1EAB0700267669 /* Products */;
			projectDirPath = "";
			projectRoot = "";
			targets = (
				7813E2012B1EAB0700267669 /* CompositionalLayoutSample */,
				7813E21C2B1EAB2B00267669 /* CompositionalLayoutSampleTests */,
			);
		};
/* End PBXProject section */

/* Begin PBXResourcesBuildPhase section */
		7813E2002B1EAB0700267669 /* Resources */ = {
			isa = PBXResourcesBuildPhase;
			buildActionMask = 2147483647;
			files = (
				7813E2122B1EAB0800267669 /* LaunchScreen.storyboard in Resources */,
				7813E20F2B1EAB0800267669 /* Assets.xcassets in Resources */,
				7813E20D2B1EAB0700267669 /* Main.storyboard in Resources */,
			);
			runOnlyForDeploymentPostprocessing = 0;
		};
		7813E21B2B1EAB2B00267669 /* Resources */ = {
			isa = PBXResourcesBuildPhase;
			buildActionMask = 2147483647;
			files = (
			);
			runOnlyForDeploymentPostprocessing = 0;
		};
/* End PBXResourcesBuildPhase section */

/* Begin PBXSourcesBuildPhase section */
		7813E1FE2B1EAB0700267669 /* Sources */ = {
			isa = PBXSourcesBuildPhase;
			buildActionMask = 2147483647;
			files = (
				7824A59D2B20357D00B0129A /* Section.swift in Sources */,
				7824A59F2B2035BB00B0129A /* SectionItemComponents.swift in Sources */,
				7824A5A52B206BFB00B0129A /* ListCollectionViewCell.swift in Sources */,
				7813E20A2B1EAB0700267669 /* MainViewController.swift in Sources */,
				7813E2062B1EAB0700267669 /* AppDelegate.swift in Sources */,
				7824A5942B20191C00B0129A /* BannerCollectionViewCell.swift in Sources */,
				7824A5A12B20518A00B0129A /* SectionItem.swift in Sources */,
				7813E2082B1EAB0700267669 /* SceneDelegate.swift in Sources */,
			);
			runOnlyForDeploymentPostprocessing = 0;
		};
		7813E2192B1EAB2B00267669 /* Sources */ = {
			isa = PBXSourcesBuildPhase;
			buildActionMask = 2147483647;
			files = (
				7813E2202B1EAB2B00267669 /* CompositionalLayoutSampleTests.swift in Sources */,
			);
			runOnlyForDeploymentPostprocessing = 0;
		};
/* End PBXSourcesBuildPhase section */

/* Begin PBXTargetDependency section */
		7813E2222B1EAB2B00267669 /* PBXTargetDependency */ = {
			isa = PBXTargetDependency;
			target = 7813E2012B1EAB0700267669 /* CompositionalLayoutSample */;
			targetProxy = 7813E2212B1EAB2B00267669 /* PBXContainerItemProxy */;
		};
/* End PBXTargetDependency section */

/* Begin PBXVariantGroup section */
		7813E20B2B1EAB0700267669 /* Main.storyboard */ = {
			isa = PBXVariantGroup;
			children = (
				7813E20C2B1EAB0700267669 /* Base */,
			);
			name = Main.storyboard;
			sourceTree = "<group>";
		};
		7813E2102B1EAB0800267669 /* LaunchScreen.storyboard */ = {
			isa = PBXVariantGroup;
			children = (
				7813E2112B1EAB0800267669 /* Base */,
			);
			name = LaunchScreen.storyboard;
			sourceTree = "<group>";
		};
/* End PBXVariantGroup section */

/* Begin XCBuildConfiguration section */
		7813E2142B1EAB0800267669 /* Debug */ = {
			isa = XCBuildConfiguration;
			buildSettings = {
				ALWAYS_SEARCH_USER_PATHS = NO;
				ASSETCATALOG_COMPILER_GENERATE_SWIFT_ASSET_SYMBOL_EXTENSIONS = YES;
				CLANG_ANALYZER_NONNULL = YES;
				CLANG_ANALYZER_NUMBER_OBJECT_CONVERSION = YES_AGGRESSIVE;
				CLANG_CXX_LANGUAGE_STANDARD = "gnu++20";
				CLANG_ENABLE_MODULES = YES;
				CLANG_ENABLE_OBJC_ARC = YES;
				CLANG_ENABLE_OBJC_WEAK = YES;
				CLANG_WARN_BLOCK_CAPTURE_AUTORELEASING = YES;
				CLANG_WARN_BOOL_CONVERSION = YES;
				CLANG_WARN_COMMA = YES;
				CLANG_WARN_CONSTANT_CONVERSION = YES;
				CLANG_WARN_DEPRECATED_OBJC_IMPLEMENTATIONS = YES;
				CLANG_WARN_DIRECT_OBJC_ISA_USAGE = YES_ERROR;
				CLANG_WARN_DOCUMENTATION_COMMENTS = YES;
				CLANG_WARN_EMPTY_BODY = YES;
				CLANG_WARN_ENUM_CONVERSION = YES;
				CLANG_WARN_INFINITE_RECURSION = YES;
				CLANG_WARN_INT_CONVERSION = YES;
				CLANG_WARN_NON_LITERAL_NULL_CONVERSION = YES;
				CLANG_WARN_OBJC_IMPLICIT_RETAIN_SELF = YES;
				CLANG_WARN_OBJC_LITERAL_CONVERSION = YES;
				CLANG_WARN_OBJC_ROOT_CLASS = YES_ERROR;
				CLANG_WARN_QUOTED_INCLUDE_IN_FRAMEWORK_HEADER = YES;
				CLANG_WARN_RANGE_LOOP_ANALYSIS = YES;
				CLANG_WARN_STRICT_PROTOTYPES = YES;
				CLANG_WARN_SUSPICIOUS_MOVE = YES;
				CLANG_WARN_UNGUARDED_AVAILABILITY = YES_AGGRESSIVE;
				CLANG_WARN_UNREACHABLE_CODE = YES;
				CLANG_WARN__DUPLICATE_METHOD_MATCH = YES;
				COPY_PHASE_STRIP = NO;
				DEBUG_INFORMATION_FORMAT = dwarf;
				ENABLE_STRICT_OBJC_MSGSEND = YES;
				ENABLE_TESTABILITY = YES;
				ENABLE_USER_SCRIPT_SANDBOXING = YES;
				GCC_C_LANGUAGE_STANDARD = gnu17;
				GCC_DYNAMIC_NO_PIC = NO;
				GCC_NO_COMMON_BLOCKS = YES;
				GCC_OPTIMIZATION_LEVEL = 0;
				GCC_PREPROCESSOR_DEFINITIONS = (
					"DEBUG=1",
					"$(inherited)",
				);
				GCC_WARN_64_TO_32_BIT_CONVERSION = YES;
				GCC_WARN_ABOUT_RETURN_TYPE = YES_ERROR;
				GCC_WARN_UNDECLARED_SELECTOR = YES;
				GCC_WARN_UNINITIALIZED_AUTOS = YES_AGGRESSIVE;
				GCC_WARN_UNUSED_FUNCTION = YES;
				GCC_WARN_UNUSED_VARIABLE = YES;
				IPHONEOS_DEPLOYMENT_TARGET = 13.0;
				LOCALIZATION_PREFERS_STRING_CATALOGS = YES;
				MTL_ENABLE_DEBUG_INFO = INCLUDE_SOURCE;
				MTL_FAST_MATH = YES;
				ONLY_ACTIVE_ARCH = YES;
				SDKROOT = iphoneos;
				SWIFT_ACTIVE_COMPILATION_CONDITIONS = "DEBUG $(inherited)";
				SWIFT_OPTIMIZATION_LEVEL = "-Onone";
			};
			name = Debug;
		};
		7813E2152B1EAB0800267669 /* Release */ = {
			isa = XCBuildConfiguration;
			buildSettings = {
				ALWAYS_SEARCH_USER_PATHS = NO;
				ASSETCATALOG_COMPILER_GENERATE_SWIFT_ASSET_SYMBOL_EXTENSIONS = YES;
				CLANG_ANALYZER_NONNULL = YES;
				CLANG_ANALYZER_NUMBER_OBJECT_CONVERSION = YES_AGGRESSIVE;
				CLANG_CXX_LANGUAGE_STANDARD = "gnu++20";
				CLANG_ENABLE_MODULES = YES;
				CLANG_ENABLE_OBJC_ARC = YES;
				CLANG_ENABLE_OBJC_WEAK = YES;
				CLANG_WARN_BLOCK_CAPTURE_AUTORELEASING = YES;
				CLANG_WARN_BOOL_CONVERSION = YES;
				CLANG_WARN_COMMA = YES;
				CLANG_WARN_CONSTANT_CONVERSION = YES;
				CLANG_WARN_DEPRECATED_OBJC_IMPLEMENTATIONS = YES;
				CLANG_WARN_DIRECT_OBJC_ISA_USAGE = YES_ERROR;
				CLANG_WARN_DOCUMENTATION_COMMENTS = YES;
				CLANG_WARN_EMPTY_BODY = YES;
				CLANG_WARN_ENUM_CONVERSION = YES;
				CLANG_WARN_INFINITE_RECURSION = YES;
				CLANG_WARN_INT_CONVERSION = YES;
				CLANG_WARN_NON_LITERAL_NULL_CONVERSION = YES;
				CLANG_WARN_OBJC_IMPLICIT_RETAIN_SELF = YES;
				CLANG_WARN_OBJC_LITERAL_CONVERSION = YES;
				CLANG_WARN_OBJC_ROOT_CLASS = YES_ERROR;
				CLANG_WARN_QUOTED_INCLUDE_IN_FRAMEWORK_HEADER = YES;
				CLANG_WARN_RANGE_LOOP_ANALYSIS = YES;
				CLANG_WARN_STRICT_PROTOTYPES = YES;
				CLANG_WARN_SUSPICIOUS_MOVE = YES;
				CLANG_WARN_UNGUARDED_AVAILABILITY = YES_AGGRESSIVE;
				CLANG_WARN_UNREACHABLE_CODE = YES;
				CLANG_WARN__DUPLICATE_METHOD_MATCH = YES;
				COPY_PHASE_STRIP = NO;
				DEBUG_INFORMATION_FORMAT = "dwarf-with-dsym";
				ENABLE_NS_ASSERTIONS = NO;
				ENABLE_STRICT_OBJC_MSGSEND = YES;
				ENABLE_USER_SCRIPT_SANDBOXING = YES;
				GCC_C_LANGUAGE_STANDARD = gnu17;
				GCC_NO_COMMON_BLOCKS = YES;
				GCC_WARN_64_TO_32_BIT_CONVERSION = YES;
				GCC_WARN_ABOUT_RETURN_TYPE = YES_ERROR;
				GCC_WARN_UNDECLARED_SELECTOR = YES;
				GCC_WARN_UNINITIALIZED_AUTOS = YES_AGGRESSIVE;
				GCC_WARN_UNUSED_FUNCTION = YES;
				GCC_WARN_UNUSED_VARIABLE = YES;
				IPHONEOS_DEPLOYMENT_TARGET = 13.0;
				LOCALIZATION_PREFERS_STRING_CATALOGS = YES;
				MTL_ENABLE_DEBUG_INFO = NO;
				MTL_FAST_MATH = YES;
				SDKROOT = iphoneos;
				SWIFT_COMPILATION_MODE = wholemodule;
				VALIDATE_PRODUCT = YES;
			};
			name = Release;
		};
		7813E2172B1EAB0800267669 /* Debug */ = {
			isa = XCBuildConfiguration;
			buildSettings = {
				ASSETCATALOG_COMPILER_APPICON_NAME = AppIcon;
				ASSETCATALOG_COMPILER_GLOBAL_ACCENT_COLOR_NAME = AccentColor;
				CODE_SIGN_STYLE = Automatic;
				CURRENT_PROJECT_VERSION = 1;
				DEVELOPMENT_TEAM = 5WNP4LSBY4;
				GENERATE_INFOPLIST_FILE = YES;
				INFOPLIST_FILE = CompositionalLayoutSample/Application/Info.plist;
				INFOPLIST_KEY_UIApplicationSupportsIndirectInputEvents = YES;
				INFOPLIST_KEY_UILaunchStoryboardName = LaunchScreen;
				INFOPLIST_KEY_UIMainStoryboardFile = Main;
				INFOPLIST_KEY_UISupportedInterfaceOrientations_iPad = "UIInterfaceOrientationPortrait UIInterfaceOrientationPortraitUpsideDown UIInterfaceOrientationLandscapeLeft UIInterfaceOrientationLandscapeRight";
				INFOPLIST_KEY_UISupportedInterfaceOrientations_iPhone = "UIInterfaceOrientationPortrait UIInterfaceOrientationLandscapeLeft UIInterfaceOrientationLandscapeRight";
				LD_RUNPATH_SEARCH_PATHS = (
					"$(inherited)",
					"@executable_path/Frameworks",
				);
				MARKETING_VERSION = 1.0;
				PRODUCT_BUNDLE_IDENTIFIER = com.cyeond.CompositionalLayoutSample;
				PRODUCT_NAME = "$(TARGET_NAME)";
				SWIFT_EMIT_LOC_STRINGS = YES;
				SWIFT_VERSION = 5.0;
				TARGETED_DEVICE_FAMILY = "1,2";
			};
			name = Debug;
		};
		7813E2182B1EAB0800267669 /* Release */ = {
			isa = XCBuildConfiguration;
			buildSettings = {
				ASSETCATALOG_COMPILER_APPICON_NAME = AppIcon;
				ASSETCATALOG_COMPILER_GLOBAL_ACCENT_COLOR_NAME = AccentColor;
				CODE_SIGN_STYLE = Automatic;
				CURRENT_PROJECT_VERSION = 1;
				DEVELOPMENT_TEAM = 5WNP4LSBY4;
				GENERATE_INFOPLIST_FILE = YES;
				INFOPLIST_FILE = CompositionalLayoutSample/Application/Info.plist;
				INFOPLIST_KEY_UIApplicationSupportsIndirectInputEvents = YES;
				INFOPLIST_KEY_UILaunchStoryboardName = LaunchScreen;
				INFOPLIST_KEY_UIMainStoryboardFile = Main;
				INFOPLIST_KEY_UISupportedInterfaceOrientations_iPad = "UIInterfaceOrientationPortrait UIInterfaceOrientationPortraitUpsideDown UIInterfaceOrientationLandscapeLeft UIInterfaceOrientationLandscapeRight";
				INFOPLIST_KEY_UISupportedInterfaceOrientations_iPhone = "UIInterfaceOrientationPortrait UIInterfaceOrientationLandscapeLeft UIInterfaceOrientationLandscapeRight";
				LD_RUNPATH_SEARCH_PATHS = (
					"$(inherited)",
					"@executable_path/Frameworks",
				);
				MARKETING_VERSION = 1.0;
				PRODUCT_BUNDLE_IDENTIFIER = com.cyeond.CompositionalLayoutSample;
				PRODUCT_NAME = "$(TARGET_NAME)";
				SWIFT_EMIT_LOC_STRINGS = YES;
				SWIFT_VERSION = 5.0;
				TARGETED_DEVICE_FAMILY = "1,2";
			};
			name = Release;
		};
		7813E2242B1EAB2B00267669 /* Debug */ = {
			isa = XCBuildConfiguration;
			buildSettings = {
				BUNDLE_LOADER = "$(TEST_HOST)";
				CODE_SIGN_STYLE = Automatic;
				CURRENT_PROJECT_VERSION = 1;
				DEVELOPMENT_TEAM = 5WNP4LSBY4;
				GENERATE_INFOPLIST_FILE = YES;
				IPHONEOS_DEPLOYMENT_TARGET = 17.0;
				MACOSX_DEPLOYMENT_TARGET = 14.0;
				MARKETING_VERSION = 1.0;
				PRODUCT_BUNDLE_IDENTIFIER = com.cyeond.CompositionalLayoutSampleTests;
				PRODUCT_NAME = "$(TARGET_NAME)";
				SDKROOT = auto;
				SUPPORTED_PLATFORMS = "iphoneos iphonesimulator macosx";
				SWIFT_EMIT_LOC_STRINGS = NO;
				SWIFT_VERSION = 5.0;
				TARGETED_DEVICE_FAMILY = "1,2";
				TEST_HOST = "$(BUILT_PRODUCTS_DIR)/CompositionalLayoutSample.app/$(BUNDLE_EXECUTABLE_FOLDER_PATH)/CompositionalLayoutSample";
			};
			name = Debug;
		};
		7813E2252B1EAB2B00267669 /* Release */ = {
			isa = XCBuildConfiguration;
			buildSettings = {
				BUNDLE_LOADER = "$(TEST_HOST)";
				CODE_SIGN_STYLE = Automatic;
				CURRENT_PROJECT_VERSION = 1;
				DEVELOPMENT_TEAM = 5WNP4LSBY4;
				GENERATE_INFOPLIST_FILE = YES;
				IPHONEOS_DEPLOYMENT_TARGET = 17.0;
				MACOSX_DEPLOYMENT_TARGET = 14.0;
				MARKETING_VERSION = 1.0;
				PRODUCT_BUNDLE_IDENTIFIER = com.cyeond.CompositionalLayoutSampleTests;
				PRODUCT_NAME = "$(TARGET_NAME)";
				SDKROOT = auto;
				SUPPORTED_PLATFORMS = "iphoneos iphonesimulator macosx";
				SWIFT_EMIT_LOC_STRINGS = NO;
				SWIFT_VERSION = 5.0;
				TARGETED_DEVICE_FAMILY = "1,2";
				TEST_HOST = "$(BUILT_PRODUCTS_DIR)/CompositionalLayoutSample.app/$(BUNDLE_EXECUTABLE_FOLDER_PATH)/CompositionalLayoutSample";
			};
			name = Release;
		};
/* End XCBuildConfiguration section */

/* Begin XCConfigurationList section */
		7813E1FD2B1EAB0700267669 /* Build configuration list for PBXProject "CompositionalLayoutSample" */ = {
			isa = XCConfigurationList;
			buildConfigurations = (
				7813E2142B1EAB0800267669 /* Debug */,
				7813E2152B1EAB0800267669 /* Release */,
			);
			defaultConfigurationIsVisible = 0;
			defaultConfigurationName = Release;
		};
		7813E2162B1EAB0800267669 /* Build configuration list for PBXNativeTarget "CompositionalLayoutSample" */ = {
			isa = XCConfigurationList;
			buildConfigurations = (
				7813E2172B1EAB0800267669 /* Debug */,
				7813E2182B1EAB0800267669 /* Release */,
			);
			defaultConfigurationIsVisible = 0;
			defaultConfigurationName = Release;
		};
		7813E2232B1EAB2B00267669 /* Build configuration list for PBXNativeTarget "CompositionalLayoutSampleTests" */ = {
			isa = XCConfigurationList;
			buildConfigurations = (
				7813E2242B1EAB2B00267669 /* Debug */,
				7813E2252B1EAB2B00267669 /* Release */,
			);
			defaultConfigurationIsVisible = 0;
			defaultConfigurationName = Release;
		};
/* End XCConfigurationList section */

/* Begin XCRemoteSwiftPackageReference section */
		7824A5952B201A4900B0129A /* XCRemoteSwiftPackageReference "Kingfisher" */ = {
			isa = XCRemoteSwiftPackageReference;
			repositoryURL = "https://github.com/onevcat/Kingfisher.git";
			requirement = {
				kind = upToNextMajorVersion;
				minimumVersion = 7.10.0;
			};
		};
		7824A5982B201A7200B0129A /* XCRemoteSwiftPackageReference "SnapKit" */ = {
			isa = XCRemoteSwiftPackageReference;
			repositoryURL = "https://github.com/SnapKit/SnapKit.git";
			requirement = {
				kind = upToNextMajorVersion;
				minimumVersion = 5.6.0;
			};
		};
/* End XCRemoteSwiftPackageReference section */

/* Begin XCSwiftPackageProductDependency section */
		7824A5962B201A4900B0129A /* Kingfisher */ = {
			isa = XCSwiftPackageProductDependency;
			package = 7824A5952B201A4900B0129A /* XCRemoteSwiftPackageReference "Kingfisher" */;
			productName = Kingfisher;
		};
		7824A5992B201A7200B0129A /* SnapKit */ = {
			isa = XCSwiftPackageProductDependency;
			package = 7824A5982B201A7200B0129A /* XCRemoteSwiftPackageReference "SnapKit" */;
			productName = SnapKit;
		};
/* End XCSwiftPackageProductDependency section */
	};
	rootObject = 7813E1FA2B1EAB0700267669 /* Project object */;
}
